
Microsoft Visual Studio Solution File, Format Version 12.00
# Visual Studio 2012
Project("{8BC9CEB8-8B4A-11D0-8D11-00A0C91BC942}") = "NLite", "src\SDLVLC.vcxproj", "{21266BAF-56D4-4698-9781-48B0E5BB4222}"
EndProject
Global
	GlobalSection(SolutionConfigurationPlatforms) = preSolution
		Debug|Win32 = Debug|Win32
		Release|Win32 = Release|Win32
	EndGlobalSection
	GlobalSection(ProjectConfigurationPlatforms) = postSolution
		{21266BAF-56D4-4698-9781-48B0E5BB4222}.Debug|Win32.ActiveCfg = Debug|Win32
		{21266BAF-56D4-4698-9781-48B0E5BB4222}.Debug|Win32.Build.0 = Debug|Win32
		{21266BAF-56D4-4698-9781-48B0E5BB4222}.Release|Win32.ActiveCfg = Release|Win32
		{21266BAF-56D4-4698-9781-48B0E5BB4222}.Release|Win32.Build.0 = Release|Win32
	EndGlobalSection
	GlobalSection(SolutionProperties) = preSolution
		HideSolutionNode = FALSE
	EndGlobalSection
EndGlobal
